// !$*UTF8*$!
{
	archiveVersion = 1;
	classes = {
	};
	objectVersion = 46;
	objects = {

/* Begin PBXBuildFile section */
		DE21E02F1E9A4E500096FB56 /* AppDelegate.swift in Sources */ = {isa = PBXBuildFile; fileRef = DE21E02E1E9A4E500096FB56 /* AppDelegate.swift */; };
		DE21E0311E9A4E500096FB56 /* ViewController.swift in Sources */ = {isa = PBXBuildFile; fileRef = DE21E0301E9A4E500096FB56 /* ViewController.swift */; };
		DE21E0341E9A4E500096FB56 /* Main.storyboard in Resources */ = {isa = PBXBuildFile; fileRef = DE21E0321E9A4E500096FB56 /* Main.storyboard */; };
		DE21E0371E9A4E500096FB56 /* SoundBoard.xcdatamodeld in Sources */ = {isa = PBXBuildFile; fileRef = DE21E0351E9A4E500096FB56 /* SoundBoard.xcdatamodeld */; };
		DE21E0391E9A4E500096FB56 /* Assets.xcassets in Resources */ = {isa = PBXBuildFile; fileRef = DE21E0381E9A4E500096FB56 /* Assets.xcassets */; };
		DE21E03C1E9A4E500096FB56 /* LaunchScreen.storyboard in Resources */ = {isa = PBXBuildFile; fileRef = DE21E03A1E9A4E500096FB56 /* LaunchScreen.storyboard */; };
		DE21E0451E9A54D80096FB56 /* SoundViewController.swift in Sources */ = {isa = PBXBuildFile; fileRef = DE21E0441E9A54D80096FB56 /* SoundViewController.swift */; };
/* End PBXBuildFile section */

/* Begin PBXFileReference section */
		DE21E02B1E9A4E500096FB56 /* SoundBoard.app */ = {isa = PBXFileReference; explicitFileType = wrapper.application; includeInIndex = 0; path = SoundBoard.app; sourceTree = BUILT_PRODUCTS_DIR; };
		DE21E02E1E9A4E500096FB56 /* AppDelegate.swift */ = {isa = PBXFileReference; lastKnownFileType = sourcecode.swift; path = AppDelegate.swift; sourceTree = "<group>"; };
		DE21E0301E9A4E500096FB56 /* ViewController.swift */ = {isa = PBXFileReference; lastKnownFileType = sourcecode.swift; path = ViewController.swift; sourceTree = "<group>"; };
		DE21E0331E9A4E500096FB56 /* Base */ = {isa = PBXFileReference; lastKnownFileType = file.storyboard; name = Base; path = Base.lproj/Main.storyboard; sourceTree = "<group>"; };
		DE21E0361E9A4E500096FB56 /* SoundBoard.xcdatamodel */ = {isa = PBXFileReference; lastKnownFileType = wrapper.xcdatamodel; path = SoundBoard.xcdatamodel; sourceTree = "<group>"; };
		DE21E0381E9A4E500096FB56 /* Assets.xcassets */ = {isa = PBXFileReference; lastKnownFileType = folder.assetcatalog; path = Assets.xcassets; sourceTree = "<group>"; };
		DE21E03B1E9A4E500096FB56 /* Base */ = {isa = PBXFileReference; lastKnownFileType = file.storyboard; name = Base; path = Base.lproj/LaunchScreen.storyboard; sourceTree = "<group>"; };
		DE21E03D1E9A4E500096FB56 /* Info.plist */ = {isa = PBXFileReference; lastKnownFileType = text.plist.xml; path = Info.plist; sourceTree = "<group>"; };
		DE21E0441E9A54D80096FB56 /* SoundViewController.swift */ = {isa = PBXFileReference; fileEncoding = 4; lastKnownFileType = sourcecode.swift; path = SoundViewController.swift; sourceTree = "<group>"; };
/* End PBXFileReference section */

/* Begin PBXFrameworksBuildPhase section */
		DE21E0281E9A4E500096FB56 /* Frameworks */ = {
			isa = PBXFrameworksBuildPhase;
			buildActionMask = 2147483647;
			files = (
			);
			runOnlyForDeploymentPostprocessing = 0;
		};
/* End PBXFrameworksBuildPhase section */

/* Begin PBXGroup section */
		DE21E0221E9A4E500096FB56 = {
			isa = PBXGroup;
			children = (
				DE21E02D1E9A4E500096FB56 /* SoundBoard */,
				DE21E02C1E9A4E500096FB56 /* Products */,
			);
			sourceTree = "<group>";
		};
		DE21E02C1E9A4E500096FB56 /* Products */ = {
			isa = PBXGroup;
			children = (
				DE21E02B1E9A4E500096FB56 /* SoundBoard.app */,
			);
			name = Products;
			sourceTree = "<group>";
		};
		DE21E02D1E9A4E500096FB56 /* SoundBoard */ = {
			isa = PBXGroup;
			children = (
				DE21E0431E9A545B0096FB56 /* View */,
				DE21E02E1E9A4E500096FB56 /* AppDelegate.swift */,
				DE21E0321E9A4E500096FB56 /* Main.storyboard */,
				DE21E0381E9A4E500096FB56 /* Assets.xcassets */,
				DE21E03A1E9A4E500096FB56 /* LaunchScreen.storyboard */,
				DE21E03D1E9A4E500096FB56 /* Info.plist */,
				DE21E0351E9A4E500096FB56 /* SoundBoard.xcdatamodeld */,
			);
			path = SoundBoard;
			sourceTree = "<group>";
		};
		DE21E0431E9A545B0096FB56 /* View */ = {
			isa = PBXGroup;
			children = (
				DE21E0301E9A4E500096FB56 /* ViewController.swift */,
				DE21E0441E9A54D80096FB56 /* SoundViewController.swift */,
			);
			name = View;
			sourceTree = "<group>";
		};
/* End PBXGroup section */

/* Begin PBXNativeTarget section */
		DE21E02A1E9A4E500096FB56 /* SoundBoard */ = {
			isa = PBXNativeTarget;
			buildConfigurationList = DE21E0401E9A4E500096FB56 /* Build configuration list for PBXNativeTarget "SoundBoard" */;
			buildPhases = (
				DE21E0271E9A4E500096FB56 /* Sources */,
				DE21E0281E9A4E500096FB56 /* Frameworks */,
				DE21E0291E9A4E500096FB56 /* Resources */,
			);
			buildRules = (
			);
			dependencies = (
			);
			name = SoundBoard;
			productName = SoundBoard;
			productReference = DE21E02B1E9A4E500096FB56 /* SoundBoard.app */;
			productType = "com.apple.product-type.application";
		};
/* End PBXNativeTarget section */

/* Begin PBXProject section */
		DE21E0231E9A4E500096FB56 /* Project object */ = {
			isa = PBXProject;
			attributes = {
				LastSwiftUpdateCheck = 0830;
				LastUpgradeCheck = 0830;
				ORGANIZATIONNAME = B0nty;
				TargetAttributes = {
					DE21E02A1E9A4E500096FB56 = {
						CreatedOnToolsVersion = 8.3;
						DevelopmentTeam = BB9NBC38G8;
						ProvisioningStyle = Automatic;
					};
				};
			};
			buildConfigurationList = DE21E0261E9A4E500096FB56 /* Build configuration list for PBXProject "SoundBoard" */;
			compatibilityVersion = "Xcode 3.2";
			developmentRegion = English;
			hasScannedForEncodings = 0;
			knownRegions = (
				en,
				Base,
			);
			mainGroup = DE21E0221E9A4E500096FB56;
			productRefGroup = DE21E02C1E9A4E500096FB56 /* Products */;
			projectDirPath = "";
			projectRoot = "";
			targets = (
				DE21E02A1E9A4E500096FB56 /* SoundBoard */,
			);
		};
/* End PBXProject section */

/* Begin PBXResourcesBuildPhase section */
		DE21E0291E9A4E500096FB56 /* Resources */ = {
			isa = PBXResourcesBuildPhase;
			buildActionMask = 2147483647;
			files = (
				DE21E03C1E9A4E500096FB56 /* LaunchScreen.storyboard in Resources */,
				DE21E0391E9A4E500096FB56 /* Assets.xcassets in Resources */,
				DE21E0341E9A4E500096FB56 /* Main.storyboard in Resources */,
			);
			runOnlyForDeploymentPostprocessing = 0;
		};
/* End PBXResourcesBuildPhase section */

/* Begin PBXSourcesBuildPhase section */
		DE21E0271E9A4E500096FB56 /* Sources */ = {
			isa = PBXSourcesBuildPhase;
			buildActionMask = 2147483647;
			files = (
				DE21E0451E9A54D80096FB56 /* SoundViewController.swift in Sources */,
				DE21E0371E9A4E500096FB56 /* SoundBoard.xcdatamodeld in Sources */,
				DE21E0311E9A4E500096FB56 /* ViewController.swift in Sources */,
				DE21E02F1E9A4E500096FB56 /* AppDelegate.swift in Sources */,
			);
			runOnlyForDeploymentPostprocessing = 0;
		};
/* End PBXSourcesBuildPhase section */

/* Begin PBXVariantGroup section */
		DE21E0321E9A4E500096FB56 /* Main.storyboard */ = {
			isa = PBXVariantGroup;
			children = (
				DE21E0331E9A4E500096FB56 /* Base */,
			);
			name = Main.storyboard;
			sourceTree = "<group>";
		};
		DE21E03A1E9A4E500096FB56 /* LaunchScreen.storyboard */ = {
			isa = PBXVariantGroup;
			children = (
				DE21E03B1E9A4E500096FB56 /* Base */,
			);
			name = LaunchScreen.storyboard;
			sourceTree = "<group>";
		};
/* End PBXVariantGroup section */

/* Begin XCBuildConfiguration section */
		DE21E03E1E9A4E500096FB56 /* Debug */ = {
			isa = XCBuildConfiguration;
			buildSettings = {
				ALWAYS_SEARCH_USER_PATHS = NO;
				CLANG_ANALYZER_NONNULL = YES;
				CLANG_ANALYZER_NUMBER_OBJECT_CONVERSION = YES_AGGRESSIVE;
				CLANG_CXX_LANGUAGE_STANDARD = "gnu++0x";
				CLANG_CXX_LIBRARY = "libc++";
				CLANG_ENABLE_MODULES = YES;
				CLANG_ENABLE_OBJC_ARC = YES;
				CLANG_WARN_BOOL_CONVERSION = YES;
				CLANG_WARN_CONSTANT_CONVERSION = YES;
				CLANG_WARN_DIRECT_OBJC_ISA_USAGE = YES_ERROR;
				CLANG_WARN_DOCUMENTATION_COMMENTS = YES;
				CLANG_WARN_EMPTY_BODY = YES;
				CLANG_WARN_ENUM_CONVERSION = YES;
				CLANG_WARN_INFINITE_RECURSION = YES;
				CLANG_WARN_INT_CONVERSION = YES;
				CLANG_WARN_OBJC_ROOT_CLASS = YES_ERROR;
				CLANG_WARN_SUSPICIOUS_MOVE = YES;
				CLANG_WARN_UNREACHABLE_CODE = YES;
				CLANG_WARN__DUPLICATE_METHOD_MATCH = YES;
				"CODE_SIGN_IDENTITY[sdk=iphoneos*]" = "iPhone Developer";
				COPY_PHASE_STRIP = NO;
				DEBUG_INFORMATION_FORMAT = dwarf;
				ENABLE_STRICT_OBJC_MSGSEND = YES;
				ENABLE_TESTABILITY = YES;
				GCC_C_LANGUAGE_STANDARD = gnu99;
				GCC_DYNAMIC_NO_PIC = NO;
				GCC_NO_COMMON_BLOCKS = YES;
				GCC_OPTIMIZATION_LEVEL = 0;
				GCC_PREPROCESSOR_DEFINITIONS = (
					"DEBUG=1",
					"$(inherited)",
				);
				GCC_WARN_64_TO_32_BIT_CONVERSION = YES;
				GCC_WARN_ABOUT_RETURN_TYPE = YES_ERROR;
				GCC_WARN_UNDECLARED_SELECTOR = YES;
				GCC_WARN_UNINITIALIZED_AUTOS = YES_AGGRESSIVE;
				GCC_WARN_UNUSED_FUNCTION = YES;
				GCC_WARN_UNUSED_VARIABLE = YES;
				IPHONEOS_DEPLOYMENT_TARGET = 10.3;
				MTL_ENABLE_DEBUG_INFO = YES;
				ONLY_ACTIVE_ARCH = YES;
				SDKROOT = iphoneos;
				SWIFT_ACTIVE_COMPILATION_CONDITIONS = DEBUG;
				SWIFT_OPTIMIZATION_LEVEL = "-Onone";
				TARGETED_DEVICE_FAMILY = "1,2";
			};
			name = Debug;
		};
		DE21E03F1E9A4E500096FB56 /* Release */ = {
			isa = XCBuildConfiguration;
			buildSettings = {
				ALWAYS_SEARCH_USER_PATHS = NO;
				CLANG_ANALYZER_NONNULL = YES;
				CLANG_ANALYZER_NUMBER_OBJECT_CONVERSION = YES_AGGRESSIVE;
				CLANG_CXX_LANGUAGE_STANDARD = "gnu++0x";
				CLANG_CXX_LIBRARY = "libc++";
				CLANG_ENABLE_MODULES = YES;
				CLANG_ENABLE_OBJC_ARC = YES;
				CLANG_WARN_BOOL_CONVERSION = YES;
				CLANG_WARN_CONSTANT_CONVERSION = YES;
				CLANG_WARN_DIRECT_OBJC_ISA_USAGE = YES_ERROR;
				CLANG_WARN_DOCUMENTATION_COMMENTS = YES;
				CLANG_WARN_EMPTY_BODY = YES;
				CLANG_WARN_ENUM_CONVERSION = YES;
				CLANG_WARN_INFINITE_RECURSION = YES;
				CLANG_WARN_INT_CONVERSION = YES;
				CLANG_WARN_OBJC_ROOT_CLASS = YES_ERROR;
				CLANG_WARN_SUSPICIOUS_MOVE = YES;
				CLANG_WARN_UNREACHABLE_CODE = YES;
				CLANG_WARN__DUPLICATE_METHOD_MATCH = YES;
				"CODE_SIGN_IDENTITY[sdk=iphoneos*]" = "iPhone Developer";
				COPY_PHASE_STRIP = NO;
				DEBUG_INFORMATION_FORMAT = "dwarf-with-dsym";
				ENABLE_NS_ASSERTIONS = NO;
				ENABLE_STRICT_OBJC_MSGSEND = YES;
				GCC_C_LANGUAGE_STANDARD = gnu99;
				GCC_NO_COMMON_BLOCKS = YES;
				GCC_WARN_64_TO_32_BIT_CONVERSION = YES;
				GCC_WARN_ABOUT_RETURN_TYPE = YES_ERROR;
				GCC_WARN_UNDECLARED_SELECTOR = YES;
				GCC_WARN_UNINITIALIZED_AUTOS = YES_AGGRESSIVE;
				GCC_WARN_UNUSED_FUNCTION = YES;
				GCC_WARN_UNUSED_VARIABLE = YES;
				IPHONEOS_DEPLOYMENT_TARGET = 10.3;
				MTL_ENABLE_DEBUG_INFO = NO;
				SDKROOT = iphoneos;
				SWIFT_OPTIMIZATION_LEVEL = "-Owholemodule";
				TARGETED_DEVICE_FAMILY = "1,2";
				VALIDATE_PRODUCT = YES;
			};
			name = Release;
		};
		DE21E0411E9A4E500096FB56 /* Debug */ = {
			isa = XCBuildConfiguration;
			buildSettings = {
				ASSETCATALOG_COMPILER_APPICON_NAME = AppIcon;
				DEVELOPMENT_TEAM = BB9NBC38G8;
				INFOPLIST_FILE = SoundBoard/Info.plist;
				LD_RUNPATH_SEARCH_PATHS = "$(inherited) @executable_path/Frameworks";
				PRODUCT_BUNDLE_IDENTIFIER = B0nty.SoundBoard;
				PRODUCT_NAME = "$(TARGET_NAME)";
				SWIFT_VERSION = 3.0;
			};
			name = Debug;
		};
		DE21E0421E9A4E500096FB56 /* Release */ = {
			isa = XCBuildConfiguration;
			buildSettings = {
				ASSETCATALOG_COMPILER_APPICON_NAME = AppIcon;
				DEVELOPMENT_TEAM = BB9NBC38G8;
				INFOPLIST_FILE = SoundBoard/Info.plist;
				LD_RUNPATH_SEARCH_PATHS = "$(inherited) @executable_path/Frameworks";
				PRODUCT_BUNDLE_IDENTIFIER = B0nty.SoundBoard;
				PRODUCT_NAME = "$(TARGET_NAME)";
				SWIFT_VERSION = 3.0;
			};
			name = Release;
		};
/* End XCBuildConfiguration section */

/* Begin XCConfigurationList section */
		DE21E0261E9A4E500096FB56 /* Build configuration list for PBXProject "SoundBoard" */ = {
			isa = XCConfigurationList;
			buildConfigurations = (
				DE21E03E1E9A4E500096FB56 /* Debug */,
				DE21E03F1E9A4E500096FB56 /* Release */,
			);
			defaultConfigurationIsVisible = 0;
			defaultConfigurationName = Release;
		};
		DE21E0401E9A4E500096FB56 /* Build configuration list for PBXNativeTarget "SoundBoard" */ = {
			isa = XCConfigurationList;
			buildConfigurations = (
				DE21E0411E9A4E500096FB56 /* Debug */,
				DE21E0421E9A4E500096FB56 /* Release */,
			);
			defaultConfigurationIsVisible = 0;
		};
/* End XCConfigurationList section */

/* Begin XCVersionGroup section */
		DE21E0351E9A4E500096FB56 /* SoundBoard.xcdatamodeld */ = {
			isa = XCVersionGroup;
			children = (
				DE21E0361E9A4E500096FB56 /* SoundBoard.xcdatamodel */,
			);
			currentVersion = DE21E0361E9A4E500096FB56 /* SoundBoard.xcdatamodel */;
			path = SoundBoard.xcdatamodeld;
			sourceTree = "<group>";
			versionGroupType = wrapper.xcdatamodel;
		};
/* End XCVersionGroup section */
	};
	rootObject = DE21E0231E9A4E500096FB56 /* Project object */;
}
